
Microsoft Visual Studio Solution File, Format Version 12.00
# Visual Studio Version 16
VisualStudioVersion = 16.0.29519.181
MinimumVisualStudioVersion = 10.0.40219.1
Project("{FAE04EC0-301F-11D3-BF4B-00C04F79EFBC}") = "CRUD-NetCore-TDD", "CRUD-NetCore-TDD.csproj", "{F1269AE6-E166-4872-858F-238243DC3A21}"
EndProject
Project("{FAE04EC0-301F-11D3-BF4B-00C04F79EFBC}") = "CRUD-NetCore-TDD.Test", "..\CRUD-NetCore-TDD.Test\CRUD-NetCore-TDD.Test.csproj", "{5571AC09-EB3C-4501-92F3-B15C513915AB}"
EndProject
Global
	GlobalSection(SolutionConfigurationPlatforms) = preSolution
		Debug|Any CPU = Debug|Any CPU
		Release|Any CPU = Release|Any CPU
	EndGlobalSection
	GlobalSection(ProjectConfigurationPlatforms) = postSolution
		{F1269AE6-E166-4872-858F-238243DC3A21}.Debug|Any CPU.ActiveCfg = Debug|Any CPU
		{F1269AE6-E166-4872-858F-238243DC3A21}.Debug|Any CPU.Build.0 = Debug|Any CPU
		{F1269AE6-E166-4872-858F-238243DC3A21}.Release|Any CPU.ActiveCfg = Release|Any CPU
		{F1269AE6-E166-4872-858F-238243DC3A21}.Release|Any CPU.Build.0 = Release|Any CPU
		{5571AC09-EB3C-4501-92F3-B15C513915AB}.Debug|Any CPU.ActiveCfg = Debug|Any CPU
		{5571AC09-EB3C-4501-92F3-B15C513915AB}.Debug|Any CPU.Build.0 = Debug|Any CPU
		{5571AC09-EB3C-4501-92F3-B15C513915AB}.Release|Any CPU.ActiveCfg = Release|Any CPU
		{5571AC09-EB3C-4501-92F3-B15C513915AB}.Release|Any CPU.Build.0 = Release|Any CPU
	EndGlobalSection
	GlobalSection(SolutionProperties) = preSolution
		HideSolutionNode = FALSE
	EndGlobalSection
	GlobalSection(ExtensibilityGlobals) = postSolution
		SolutionGuid = {F5BE4A33-AC71-4BD5-B3A0-2289E1F4368B}
	EndGlobalSection
EndGlobal
